// !$*UTF8*$!
{
	archiveVersion = 1;
	classes = {
	};
	objectVersion = 46;
	objects = {

/* Begin PBXBuildFile section */
		DA7088991DD10090008E601B /* CppViewController.mm in Sources */ = {isa = PBXBuildFile; fileRef = DA7088981DD10090008E601B /* CppViewController.mm */; };
		DA99C02E1DD34F25003BD3E1 /* libCalculatorLib.a in Frameworks */ = {isa = PBXBuildFile; fileRef = DA99C02D1DD34F25003BD3E1 /* libCalculatorLib.a */; };
		DAA0AB381DC21902004E05F1 /* main.m in Sources */ = {isa = PBXBuildFile; fileRef = DAA0AB371DC21902004E05F1 /* main.m */; };
		DAA0AB3B1DC21902004E05F1 /* AppDelegate.m in Sources */ = {isa = PBXBuildFile; fileRef = DAA0AB3A1DC21902004E05F1 /* AppDelegate.m */; };
		DAA0AB3E1DC21902004E05F1 /* ViewController.m in Sources */ = {isa = PBXBuildFile; fileRef = DAA0AB3D1DC21902004E05F1 /* ViewController.m */; };
		DAA0AB411DC21902004E05F1 /* Main.storyboard in Resources */ = {isa = PBXBuildFile; fileRef = DAA0AB3F1DC21902004E05F1 /* Main.storyboard */; };
		DAA0AB431DC21902004E05F1 /* Assets.xcassets in Resources */ = {isa = PBXBuildFile; fileRef = DAA0AB421DC21902004E05F1 /* Assets.xcassets */; };
		DAA0AB461DC21902004E05F1 /* LaunchScreen.storyboard in Resources */ = {isa = PBXBuildFile; fileRef = DAA0AB441DC21902004E05F1 /* LaunchScreen.storyboard */; };
		DAAC388A1DC276F7005CCA67 /* Operation.m in Sources */ = {isa = PBXBuildFile; fileRef = DAAC38891DC276F7005CCA67 /* Operation.m */; };
		DAAC388D1DC28AA6005CCA67 /* PendingBinaryOperationInfo.m in Sources */ = {isa = PBXBuildFile; fileRef = DAAC388C1DC28AA6005CCA67 /* PendingBinaryOperationInfo.m */; };
		DABDF7631DC2394400B84515 /* CalculatorBrain.m in Sources */ = {isa = PBXBuildFile; fileRef = DABDF7621DC2394400B84515 /* CalculatorBrain.m */; };
/* End PBXBuildFile section */

/* Begin PBXFileReference section */
		DA7088971DD10090008E601B /* CppViewController.h */ = {isa = PBXFileReference; fileEncoding = 4; lastKnownFileType = sourcecode.c.h; path = CppViewController.h; sourceTree = "<group>"; };
		DA7088981DD10090008E601B /* CppViewController.mm */ = {isa = PBXFileReference; fileEncoding = 4; lastKnownFileType = sourcecode.cpp.objcpp; path = CppViewController.mm; sourceTree = "<group>"; };
		DA99C02D1DD34F25003BD3E1 /* libCalculatorLib.a */ = {isa = PBXFileReference; lastKnownFileType = archive.ar; name = libCalculatorLib.a; path = "../../../Library/Developer/Xcode/DerivedData/CalculatorWorkspace-eduycbrsfqkfsjbjppzkfyrfphcw/Build/Products/Debug-iphonesimulator/libCalculatorLib.a"; sourceTree = "<group>"; };
		DAA0AB331DC21902004E05F1 /* Calculator.app */ = {isa = PBXFileReference; explicitFileType = wrapper.application; includeInIndex = 0; path = Calculator.app; sourceTree = BUILT_PRODUCTS_DIR; };
		DAA0AB371DC21902004E05F1 /* main.m */ = {isa = PBXFileReference; lastKnownFileType = sourcecode.c.objc; path = main.m; sourceTree = "<group>"; };
		DAA0AB391DC21902004E05F1 /* AppDelegate.h */ = {isa = PBXFileReference; lastKnownFileType = sourcecode.c.h; path = AppDelegate.h; sourceTree = "<group>"; };
		DAA0AB3A1DC21902004E05F1 /* AppDelegate.m */ = {isa = PBXFileReference; lastKnownFileType = sourcecode.c.objc; path = AppDelegate.m; sourceTree = "<group>"; };
		DAA0AB3C1DC21902004E05F1 /* ViewController.h */ = {isa = PBXFileReference; lastKnownFileType = sourcecode.c.h; path = ViewController.h; sourceTree = "<group>"; };
		DAA0AB3D1DC21902004E05F1 /* ViewController.m */ = {isa = PBXFileReference; lastKnownFileType = sourcecode.c.objc; path = ViewController.m; sourceTree = "<group>"; };
		DAA0AB401DC21902004E05F1 /* Base */ = {isa = PBXFileReference; lastKnownFileType = file.storyboard; name = Base; path = Base.lproj/Main.storyboard; sourceTree = "<group>"; };
		DAA0AB421DC21902004E05F1 /* Assets.xcassets */ = {isa = PBXFileReference; lastKnownFileType = folder.assetcatalog; path = Assets.xcassets; sourceTree = "<group>"; };
		DAA0AB451DC21902004E05F1 /* Base */ = {isa = PBXFileReference; lastKnownFileType = file.storyboard; name = Base; path = Base.lproj/LaunchScreen.storyboard; sourceTree = "<group>"; };
		DAA0AB471DC21902004E05F1 /* Info.plist */ = {isa = PBXFileReference; lastKnownFileType = text.plist.xml; path = Info.plist; sourceTree = "<group>"; };
		DAAC38881DC276F7005CCA67 /* Operation.h */ = {isa = PBXFileReference; fileEncoding = 4; lastKnownFileType = sourcecode.c.h; path = Operation.h; sourceTree = "<group>"; };
		DAAC38891DC276F7005CCA67 /* Operation.m */ = {isa = PBXFileReference; fileEncoding = 4; lastKnownFileType = sourcecode.c.objc; path = Operation.m; sourceTree = "<group>"; };
		DAAC388B1DC28AA6005CCA67 /* PendingBinaryOperationInfo.h */ = {isa = PBXFileReference; fileEncoding = 4; lastKnownFileType = sourcecode.c.h; path = PendingBinaryOperationInfo.h; sourceTree = "<group>"; };
		DAAC388C1DC28AA6005CCA67 /* PendingBinaryOperationInfo.m */ = {isa = PBXFileReference; fileEncoding = 4; lastKnownFileType = sourcecode.c.objc; path = PendingBinaryOperationInfo.m; sourceTree = "<group>"; };
		DABDF7611DC2394400B84515 /* CalculatorBrain.h */ = {isa = PBXFileReference; fileEncoding = 4; lastKnownFileType = sourcecode.c.h; path = CalculatorBrain.h; sourceTree = "<group>"; };
		DABDF7621DC2394400B84515 /* CalculatorBrain.m */ = {isa = PBXFileReference; fileEncoding = 4; lastKnownFileType = sourcecode.c.objc; path = CalculatorBrain.m; sourceTree = "<group>"; };
/* End PBXFileReference section */

/* Begin PBXFrameworksBuildPhase section */
		DAA0AB301DC21902004E05F1 /* Frameworks */ = {
			isa = PBXFrameworksBuildPhase;
			buildActionMask = 2147483647;
			files = (
				DA99C02E1DD34F25003BD3E1 /* libCalculatorLib.a in Frameworks */,
			);
			runOnlyForDeploymentPostprocessing = 0;
		};
/* End PBXFrameworksBuildPhase section */

/* Begin PBXGroup section */
		DA99C02C1DD34F25003BD3E1 /* Frameworks */ = {
			isa = PBXGroup;
			children = (
				DA99C02D1DD34F25003BD3E1 /* libCalculatorLib.a */,
			);
			name = Frameworks;
			sourceTree = "<group>";
		};
		DAA0AB2A1DC21902004E05F1 = {
			isa = PBXGroup;
			children = (
				DAA0AB351DC21902004E05F1 /* Calculator */,
				DAA0AB341DC21902004E05F1 /* Products */,
				DA99C02C1DD34F25003BD3E1 /* Frameworks */,
			);
			sourceTree = "<group>";
		};
		DAA0AB341DC21902004E05F1 /* Products */ = {
			isa = PBXGroup;
			children = (
				DAA0AB331DC21902004E05F1 /* Calculator.app */,
			);
			name = Products;
			sourceTree = "<group>";
		};
		DAA0AB351DC21902004E05F1 /* Calculator */ = {
			isa = PBXGroup;
			children = (
				DAD29E1F1DC219AC00829D89 /* Model */,
				DAA0AB391DC21902004E05F1 /* AppDelegate.h */,
				DAA0AB3A1DC21902004E05F1 /* AppDelegate.m */,
				DAA0AB3C1DC21902004E05F1 /* ViewController.h */,
				DAA0AB3D1DC21902004E05F1 /* ViewController.m */,
				DA7088971DD10090008E601B /* CppViewController.h */,
				DA7088981DD10090008E601B /* CppViewController.mm */,
				DAA0AB3F1DC21902004E05F1 /* Main.storyboard */,
				DAA0AB421DC21902004E05F1 /* Assets.xcassets */,
				DAA0AB441DC21902004E05F1 /* LaunchScreen.storyboard */,
				DAA0AB471DC21902004E05F1 /* Info.plist */,
				DAA0AB361DC21902004E05F1 /* Supporting Files */,
			);
			path = Calculator;
			sourceTree = "<group>";
		};
		DAA0AB361DC21902004E05F1 /* Supporting Files */ = {
			isa = PBXGroup;
			children = (
				DAA0AB371DC21902004E05F1 /* main.m */,
			);
			name = "Supporting Files";
			sourceTree = "<group>";
		};
		DAD29E1F1DC219AC00829D89 /* Model */ = {
			isa = PBXGroup;
			children = (
				DABDF7611DC2394400B84515 /* CalculatorBrain.h */,
				DABDF7621DC2394400B84515 /* CalculatorBrain.m */,
				DAAC38881DC276F7005CCA67 /* Operation.h */,
				DAAC38891DC276F7005CCA67 /* Operation.m */,
				DAAC388B1DC28AA6005CCA67 /* PendingBinaryOperationInfo.h */,
				DAAC388C1DC28AA6005CCA67 /* PendingBinaryOperationInfo.m */,
			);
			name = Model;
			sourceTree = "<group>";
		};
/* End PBXGroup section */

/* Begin PBXNativeTarget section */
		DAA0AB321DC21902004E05F1 /* Calculator */ = {
			isa = PBXNativeTarget;
			buildConfigurationList = DAA0AB4A1DC21902004E05F1 /* Build configuration list for PBXNativeTarget "Calculator" */;
			buildPhases = (
				DAA0AB2F1DC21902004E05F1 /* Sources */,
				DAA0AB301DC21902004E05F1 /* Frameworks */,
				DAA0AB311DC21902004E05F1 /* Resources */,
			);
			buildRules = (
			);
			dependencies = (
			);
			name = Calculator;
			productName = Calculator;
			productReference = DAA0AB331DC21902004E05F1 /* Calculator.app */;
			productType = "com.apple.product-type.application";
		};
/* End PBXNativeTarget section */

/* Begin PBXProject section */
		DAA0AB2B1DC21902004E05F1 /* Project object */ = {
			isa = PBXProject;
			attributes = {
				LastUpgradeCheck = 0800;
				ORGANIZATIONNAME = "Rafael Guilherme Bertholdo";
				TargetAttributes = {
					DAA0AB321DC21902004E05F1 = {
						CreatedOnToolsVersion = 8.0;
						DevelopmentTeam = CQF3CHX66G;
						ProvisioningStyle = Automatic;
					};
				};
			};
			buildConfigurationList = DAA0AB2E1DC21902004E05F1 /* Build configuration list for PBXProject "Calculator" */;
			compatibilityVersion = "Xcode 3.2";
			developmentRegion = English;
			hasScannedForEncodings = 0;
			knownRegions = (
				en,
				Base,
			);
			mainGroup = DAA0AB2A1DC21902004E05F1;
			productRefGroup = DAA0AB341DC21902004E05F1 /* Products */;
			projectDirPath = "";
			projectRoot = "";
			targets = (
				DAA0AB321DC21902004E05F1 /* Calculator */,
			);
		};
/* End PBXProject section */

/* Begin PBXResourcesBuildPhase section */
		DAA0AB311DC21902004E05F1 /* Resources */ = {
			isa = PBXResourcesBuildPhase;
			buildActionMask = 2147483647;
			files = (
				DAA0AB461DC21902004E05F1 /* LaunchScreen.storyboard in Resources */,
				DAA0AB431DC21902004E05F1 /* Assets.xcassets in Resources */,
				DAA0AB411DC21902004E05F1 /* Main.storyboard in Resources */,
			);
			runOnlyForDeploymentPostprocessing = 0;
		};
/* End PBXResourcesBuildPhase section */

/* Begin PBXSourcesBuildPhase section */
		DAA0AB2F1DC21902004E05F1 /* Sources */ = {
			isa = PBXSourcesBuildPhase;
			buildActionMask = 2147483647;
			files = (
				DA7088991DD10090008E601B /* CppViewController.mm in Sources */,
				DAAC388D1DC28AA6005CCA67 /* PendingBinaryOperationInfo.m in Sources */,
				DAA0AB3E1DC21902004E05F1 /* ViewController.m in Sources */,
				DAA0AB3B1DC21902004E05F1 /* AppDelegate.m in Sources */,
				DAAC388A1DC276F7005CCA67 /* Operation.m in Sources */,
				DABDF7631DC2394400B84515 /* CalculatorBrain.m in Sources */,
				DAA0AB381DC21902004E05F1 /* main.m in Sources */,
			);
			runOnlyForDeploymentPostprocessing = 0;
		};
/* End PBXSourcesBuildPhase section */

/* Begin PBXVariantGroup section */
		DAA0AB3F1DC21902004E05F1 /* Main.storyboard */ = {
			isa = PBXVariantGroup;
			children = (
				DAA0AB401DC21902004E05F1 /* Base */,
			);
			name = Main.storyboard;
			sourceTree = "<group>";
		};
		DAA0AB441DC21902004E05F1 /* LaunchScreen.storyboard */ = {
			isa = PBXVariantGroup;
			children = (
				DAA0AB451DC21902004E05F1 /* Base */,
			);
			name = LaunchScreen.storyboard;
			sourceTree = "<group>";
		};
/* End PBXVariantGroup section */

/* Begin XCBuildConfiguration section */
		DAA0AB481DC21902004E05F1 /* Debug */ = {
			isa = XCBuildConfiguration;
			buildSettings = {
				ALWAYS_SEARCH_USER_PATHS = NO;
				CLANG_ANALYZER_NONNULL = YES;
				CLANG_CXX_LANGUAGE_STANDARD = "gnu++0x";
				CLANG_CXX_LIBRARY = "libc++";
				CLANG_ENABLE_MODULES = YES;
				CLANG_ENABLE_OBJC_ARC = YES;
				CLANG_WARN_BOOL_CONVERSION = YES;
				CLANG_WARN_CONSTANT_CONVERSION = YES;
				CLANG_WARN_DIRECT_OBJC_ISA_USAGE = YES_ERROR;
				CLANG_WARN_DOCUMENTATION_COMMENTS = YES;
				CLANG_WARN_EMPTY_BODY = YES;
				CLANG_WARN_ENUM_CONVERSION = YES;
				CLANG_WARN_INFINITE_RECURSION = YES;
				CLANG_WARN_INT_CONVERSION = YES;
				CLANG_WARN_OBJC_ROOT_CLASS = YES_ERROR;
				CLANG_WARN_SUSPICIOUS_MOVES = YES;
				CLANG_WARN_UNREACHABLE_CODE = YES;
				CLANG_WARN__DUPLICATE_METHOD_MATCH = YES;
				"CODE_SIGN_IDENTITY[sdk=iphoneos*]" = "iPhone Developer";
				COPY_PHASE_STRIP = NO;
				DEBUG_INFORMATION_FORMAT = dwarf;
				ENABLE_STRICT_OBJC_MSGSEND = YES;
				ENABLE_TESTABILITY = YES;
				GCC_C_LANGUAGE_STANDARD = gnu99;
				GCC_DYNAMIC_NO_PIC = NO;
				GCC_NO_COMMON_BLOCKS = YES;
				GCC_OPTIMIZATION_LEVEL = 0;
				GCC_PREPROCESSOR_DEFINITIONS = (
					"DEBUG=1",
					"$(inherited)",
				);
				GCC_WARN_64_TO_32_BIT_CONVERSION = YES;
				GCC_WARN_ABOUT_RETURN_TYPE = YES_ERROR;
				GCC_WARN_UNDECLARED_SELECTOR = YES;
				GCC_WARN_UNINITIALIZED_AUTOS = YES_AGGRESSIVE;
				GCC_WARN_UNUSED_FUNCTION = YES;
				GCC_WARN_UNUSED_VARIABLE = YES;
				IPHONEOS_DEPLOYMENT_TARGET = 10.0;
				MTL_ENABLE_DEBUG_INFO = YES;
				ONLY_ACTIVE_ARCH = YES;
				SDKROOT = iphoneos;
				TARGETED_DEVICE_FAMILY = "1,2";
			};
			name = Debug;
		};
		DAA0AB491DC21902004E05F1 /* Release */ = {
			isa = XCBuildConfiguration;
			buildSettings = {
				ALWAYS_SEARCH_USER_PATHS = NO;
				CLANG_ANALYZER_NONNULL = YES;
				CLANG_CXX_LANGUAGE_STANDARD = "gnu++0x";
				CLANG_CXX_LIBRARY = "libc++";
				CLANG_ENABLE_MODULES = YES;
				CLANG_ENABLE_OBJC_ARC = YES;
				CLANG_WARN_BOOL_CONVERSION = YES;
				CLANG_WARN_CONSTANT_CONVERSION = YES;
				CLANG_WARN_DIRECT_OBJC_ISA_USAGE = YES_ERROR;
				CLANG_WARN_DOCUMENTATION_COMMENTS = YES;
				CLANG_WARN_EMPTY_BODY = YES;
				CLANG_WARN_ENUM_CONVERSION = YES;
				CLANG_WARN_INFINITE_RECURSION = YES;
				CLANG_WARN_INT_CONVERSION = YES;
				CLANG_WARN_OBJC_ROOT_CLASS = YES_ERROR;
				CLANG_WARN_SUSPICIOUS_MOVES = YES;
				CLANG_WARN_UNREACHABLE_CODE = YES;
				CLANG_WARN__DUPLICATE_METHOD_MATCH = YES;
				"CODE_SIGN_IDENTITY[sdk=iphoneos*]" = "iPhone Developer";
				COPY_PHASE_STRIP = NO;
				DEBUG_INFORMATION_FORMAT = "dwarf-with-dsym";
				ENABLE_NS_ASSERTIONS = NO;
				ENABLE_STRICT_OBJC_MSGSEND = YES;
				GCC_C_LANGUAGE_STANDARD = gnu99;
				GCC_NO_COMMON_BLOCKS = YES;
				GCC_WARN_64_TO_32_BIT_CONVERSION = YES;
				GCC_WARN_ABOUT_RETURN_TYPE = YES_ERROR;
				GCC_WARN_UNDECLARED_SELECTOR = YES;
				GCC_WARN_UNINITIALIZED_AUTOS = YES_AGGRESSIVE;
				GCC_WARN_UNUSED_FUNCTION = YES;
				GCC_WARN_UNUSED_VARIABLE = YES;
				IPHONEOS_DEPLOYMENT_TARGET = 10.0;
				MTL_ENABLE_DEBUG_INFO = NO;
				SDKROOT = iphoneos;
				TARGETED_DEVICE_FAMILY = "1,2";
				VALIDATE_PRODUCT = YES;
			};
			name = Release;
		};
		DAA0AB4B1DC21902004E05F1 /* Debug */ = {
			isa = XCBuildConfiguration;
			buildSettings = {
				ASSETCATALOG_COMPILER_APPICON_NAME = AppIcon;
				CODE_SIGN_IDENTITY = "iPhone Developer";
				INFOPLIST_FILE = Calculator/Info.plist;
				IPHONEOS_DEPLOYMENT_TARGET = 9.3;
				LD_RUNPATH_SEARCH_PATHS = "$(inherited) @executable_path/Frameworks";
				LIBRARY_SEARCH_PATHS = (
					"$(inherited)",
					"$(PROJECT_DIR)",
					/Users/rafaelgb/Developer/objectOrientedClass/CalculatorLib,
				);
				PRODUCT_BUNDLE_IDENTIFIER = com.rafaelgb.calculator;
				PRODUCT_NAME = "$(TARGET_NAME)";
				USER_HEADER_SEARCH_PATHS = "$(BUILT_PRODUCTS_DIR)/CalculatorLib/**";
				"USER_HEADER_SEARCH_PATHS[arch=*]" = "$(BUILT_PRODUCTS_DIR)/CalculatorLib/**";
			};
			name = Debug;
		};
		DAA0AB4C1DC21902004E05F1 /* Release */ = {
			isa = XCBuildConfiguration;
			buildSettings = {
				ASSETCATALOG_COMPILER_APPICON_NAME = AppIcon;
				CODE_SIGN_IDENTITY = "iPhone Developer";
				INFOPLIST_FILE = Calculator/Info.plist;
				IPHONEOS_DEPLOYMENT_TARGET = 9.3;
				LD_RUNPATH_SEARCH_PATHS = "$(inherited) @executable_path/Frameworks";
				LIBRARY_SEARCH_PATHS = (
					"$(inherited)",
					"$(PROJECT_DIR)",
				);
				PRODUCT_BUNDLE_IDENTIFIER = com.rafaelgb.calculator;
				PRODUCT_NAME = "$(TARGET_NAME)";
				USER_HEADER_SEARCH_PATHS = "$(BUILT_PRODUCTS_DIR)/CalculatorLib/**";
				"USER_HEADER_SEARCH_PATHS[arch=*]" = "$(BUILT_PRODUCTS_DIR)/CalculatorLib/**";
			};
			name = Release;
		};
/* End XCBuildConfiguration section */

/* Begin XCConfigurationList section */
		DAA0AB2E1DC21902004E05F1 /* Build configuration list for PBXProject "Calculator" */ = {
			isa = XCConfigurationList;
			buildConfigurations = (
				DAA0AB481DC21902004E05F1 /* Debug */,
				DAA0AB491DC21902004E05F1 /* Release */,
			);
			defaultConfigurationIsVisible = 0;
			defaultConfigurationName = Release;
		};
		DAA0AB4A1DC21902004E05F1 /* Build configuration list for PBXNativeTarget "Calculator" */ = {
			isa = XCConfigurationList;
			buildConfigurations = (
				DAA0AB4B1DC21902004E05F1 /* Debug */,
				DAA0AB4C1DC21902004E05F1 /* Release */,
			);
			defaultConfigurationIsVisible = 0;
			defaultConfigurationName = Release;
		};
/* End XCConfigurationList section */
	};
	rootObject = DAA0AB2B1DC21902004E05F1 /* Project object */;
}
